
Microsoft Visual Studio Solution File, Format Version 11.00
# Visual Studio 2010
Project("{FAE04EC0-301F-11D3-BF4B-00C04F79EFBC}") = "Assembly-CSharp", "Assembly-CSharp.csproj", "{C91AC031-52BE-1FC5-2357-440F09A3181F}"
EndProject
Global
	GlobalSection(SolutionConfigurationPlatforms) = preSolution
		Debug|Any CPU = Debug|Any CPU
		Release|Any CPU = Release|Any CPU
	EndGlobalSection
	GlobalSection(ProjectConfigurationPlatforms) = postSolution
		{C91AC031-52BE-1FC5-2357-440F09A3181F}.Debug|Any CPU.ActiveCfg = Debug|Any CPU
		{C91AC031-52BE-1FC5-2357-440F09A3181F}.Debug|Any CPU.Build.0 = Debug|Any CPU
		{C91AC031-52BE-1FC5-2357-440F09A3181F}.Release|Any CPU.ActiveCfg = Release|Any CPU
		{C91AC031-52BE-1FC5-2357-440F09A3181F}.Release|Any CPU.Build.0 = Release|Any CPU
	EndGlobalSection
	GlobalSection(SolutionProperties) = preSolution
		HideSolutionNode = FALSE
	EndGlobalSection
EndGlobal
